{
  "name": "imos-dev",
  "lockfileVersion": 3,
  "requires": true,
  "packages": {
    "": {
      "dependencies": {
        "nice-forms.css": "^0.1.7"
      }
    },
    "node_modules/nice-forms.css": {
      "version": "0.1.7",
      "resolved": "https://registry.npmjs.org/nice-forms.css/-/nice-forms.css-0.1.7.tgz",
      "integrity": "sha512-x2ejeS1MZS/DUbUE8iixtwD97XFJ//qPqZVGh2DkhLFn4F5X5RjFoaSyXRQfiby+mqrlGV0b/gZ4ntJJcdJD0w=="
    }
  }
}
